{
  "object": {
    "pins": [
      {
        "package": "Files",
        "repositoryURL": "https://github.com/johnsundell/files.git",
        "state": {
          "branch": null,
          "revision": "6171f9e9d8619678da22355560f3dbed6368058d",
          "version": "2.0.1"
        }
      }
    ]
  },
  "version": 1
}
